// !$*UTF8*$!
{
	archiveVersion = 1;
	classes = {
	};
	objectVersion = 55;
	objects = {

/* Begin PBXBuildFile section */
		BD6959032899A5B2006BC4D5 /* AppDelegate.swift in Sources */ = {isa = PBXBuildFile; fileRef = BD6959022899A5B2006BC4D5 /* AppDelegate.swift */; };
		BD6959052899A5B2006BC4D5 /* SceneDelegate.swift in Sources */ = {isa = PBXBuildFile; fileRef = BD6959042899A5B2006BC4D5 /* SceneDelegate.swift */; };
		BD6959072899A5B2006BC4D5 /* ViewController.swift in Sources */ = {isa = PBXBuildFile; fileRef = BD6959062899A5B2006BC4D5 /* ViewController.swift */; };
		BD69590A2899A5B2006BC4D5 /* Main.storyboard in Resources */ = {isa = PBXBuildFile; fileRef = BD6959082899A5B2006BC4D5 /* Main.storyboard */; };
		BD69590C2899A5B3006BC4D5 /* Assets.xcassets in Resources */ = {isa = PBXBuildFile; fileRef = BD69590B2899A5B3006BC4D5 /* Assets.xcassets */; };
		BD69590F2899A5B3006BC4D5 /* LaunchScreen.storyboard in Resources */ = {isa = PBXBuildFile; fileRef = BD69590D2899A5B3006BC4D5 /* LaunchScreen.storyboard */; };
		BD69591A2899A5B3006BC4D5 /* setUpGitHubTests.swift in Sources */ = {isa = PBXBuildFile; fileRef = BD6959192899A5B3006BC4D5 /* setUpGitHubTests.swift */; };
		BD6959242899A5B3006BC4D5 /* setUpGitHubUITests.swift in Sources */ = {isa = PBXBuildFile; fileRef = BD6959232899A5B3006BC4D5 /* setUpGitHubUITests.swift */; };
		BD6959262899A5B3006BC4D5 /* setUpGitHubUITestsLaunchTests.swift in Sources */ = {isa = PBXBuildFile; fileRef = BD6959252899A5B3006BC4D5 /* setUpGitHubUITestsLaunchTests.swift */; };
/* End PBXBuildFile section */

/* Begin PBXContainerItemProxy section */
		BD6959162899A5B3006BC4D5 /* PBXContainerItemProxy */ = {
			isa = PBXContainerItemProxy;
			containerPortal = BD6958F72899A5B2006BC4D5 /* Project object */;
			proxyType = 1;
			remoteGlobalIDString = BD6958FE2899A5B2006BC4D5;
			remoteInfo = setUpGitHub;
		};
		BD6959202899A5B3006BC4D5 /* PBXContainerItemProxy */ = {
			isa = PBXContainerItemProxy;
			containerPortal = BD6958F72899A5B2006BC4D5 /* Project object */;
			proxyType = 1;
			remoteGlobalIDString = BD6958FE2899A5B2006BC4D5;
			remoteInfo = setUpGitHub;
		};
/* End PBXContainerItemProxy section */

/* Begin PBXFileReference section */
		BD6958FF2899A5B2006BC4D5 /* setUpGitHub.app */ = {isa = PBXFileReference; explicitFileType = wrapper.application; includeInIndex = 0; path = setUpGitHub.app; sourceTree = BUILT_PRODUCTS_DIR; };
		BD6959022899A5B2006BC4D5 /* AppDelegate.swift */ = {isa = PBXFileReference; lastKnownFileType = sourcecode.swift; path = AppDelegate.swift; sourceTree = "<group>"; };
		BD6959042899A5B2006BC4D5 /* SceneDelegate.swift */ = {isa = PBXFileReference; lastKnownFileType = sourcecode.swift; path = SceneDelegate.swift; sourceTree = "<group>"; };
		BD6959062899A5B2006BC4D5 /* ViewController.swift */ = {isa = PBXFileReference; lastKnownFileType = sourcecode.swift; path = ViewController.swift; sourceTree = "<group>"; };
		BD6959092899A5B2006BC4D5 /* Base */ = {isa = PBXFileReference; lastKnownFileType = file.storyboard; name = Base; path = Base.lproj/Main.storyboard; sourceTree = "<group>"; };
		BD69590B2899A5B3006BC4D5 /* Assets.xcassets */ = {isa = PBXFileReference; lastKnownFileType = folder.assetcatalog; path = Assets.xcassets; sourceTree = "<group>"; };
		BD69590E2899A5B3006BC4D5 /* Base */ = {isa = PBXFileReference; lastKnownFileType = file.storyboard; name = Base; path = Base.lproj/LaunchScreen.storyboard; sourceTree = "<group>"; };
		BD6959102899A5B3006BC4D5 /* Info.plist */ = {isa = PBXFileReference; lastKnownFileType = text.plist.xml; path = Info.plist; sourceTree = "<group>"; };
		BD6959152899A5B3006BC4D5 /* setUpGitHubTests.xctest */ = {isa = PBXFileReference; explicitFileType = wrapper.cfbundle; includeInIndex = 0; path = setUpGitHubTests.xctest; sourceTree = BUILT_PRODUCTS_DIR; };
		BD6959192899A5B3006BC4D5 /* setUpGitHubTests.swift */ = {isa = PBXFileReference; lastKnownFileType = sourcecode.swift; path = setUpGitHubTests.swift; sourceTree = "<group>"; };
		BD69591F2899A5B3006BC4D5 /* setUpGitHubUITests.xctest */ = {isa = PBXFileReference; explicitFileType = wrapper.cfbundle; includeInIndex = 0; path = setUpGitHubUITests.xctest; sourceTree = BUILT_PRODUCTS_DIR; };
		BD6959232899A5B3006BC4D5 /* setUpGitHubUITests.swift */ = {isa = PBXFileReference; lastKnownFileType = sourcecode.swift; path = setUpGitHubUITests.swift; sourceTree = "<group>"; };
		BD6959252899A5B3006BC4D5 /* setUpGitHubUITestsLaunchTests.swift */ = {isa = PBXFileReference; lastKnownFileType = sourcecode.swift; path = setUpGitHubUITestsLaunchTests.swift; sourceTree = "<group>"; };
/* End PBXFileReference section */

/* Begin PBXFrameworksBuildPhase section */
		BD6958FC2899A5B2006BC4D5 /* Frameworks */ = {
			isa = PBXFrameworksBuildPhase;
			buildActionMask = 2147483647;
			files = (
			);
			runOnlyForDeploymentPostprocessing = 0;
		};
		BD6959122899A5B3006BC4D5 /* Frameworks */ = {
			isa = PBXFrameworksBuildPhase;
			buildActionMask = 2147483647;
			files = (
			);
			runOnlyForDeploymentPostprocessing = 0;
		};
		BD69591C2899A5B3006BC4D5 /* Frameworks */ = {
			isa = PBXFrameworksBuildPhase;
			buildActionMask = 2147483647;
			files = (
			);
			runOnlyForDeploymentPostprocessing = 0;
		};
/* End PBXFrameworksBuildPhase section */

/* Begin PBXGroup section */
		BD6958F62899A5B2006BC4D5 = {
			isa = PBXGroup;
			children = (
				BD6959012899A5B2006BC4D5 /* setUpGitHub */,
				BD6959182899A5B3006BC4D5 /* setUpGitHubTests */,
				BD6959222899A5B3006BC4D5 /* setUpGitHubUITests */,
				BD6959002899A5B2006BC4D5 /* Products */,
			);
			sourceTree = "<group>";
		};
		BD6959002899A5B2006BC4D5 /* Products */ = {
			isa = PBXGroup;
			children = (
				BD6958FF2899A5B2006BC4D5 /* setUpGitHub.app */,
				BD6959152899A5B3006BC4D5 /* setUpGitHubTests.xctest */,
				BD69591F2899A5B3006BC4D5 /* setUpGitHubUITests.xctest */,
			);
			name = Products;
			sourceTree = "<group>";
		};
		BD6959012899A5B2006BC4D5 /* setUpGitHub */ = {
			isa = PBXGroup;
			children = (
				BD6959022899A5B2006BC4D5 /* AppDelegate.swift */,
				BD6959042899A5B2006BC4D5 /* SceneDelegate.swift */,
				BD6959062899A5B2006BC4D5 /* ViewController.swift */,
				BD6959082899A5B2006BC4D5 /* Main.storyboard */,
				BD69590B2899A5B3006BC4D5 /* Assets.xcassets */,
				BD69590D2899A5B3006BC4D5 /* LaunchScreen.storyboard */,
				BD6959102899A5B3006BC4D5 /* Info.plist */,
			);
			path = setUpGitHub;
			sourceTree = "<group>";
		};
		BD6959182899A5B3006BC4D5 /* setUpGitHubTests */ = {
			isa = PBXGroup;
			children = (
				BD6959192899A5B3006BC4D5 /* setUpGitHubTests.swift */,
			);
			path = setUpGitHubTests;
			sourceTree = "<group>";
		};
		BD6959222899A5B3006BC4D5 /* setUpGitHubUITests */ = {
			isa = PBXGroup;
			children = (
				BD6959232899A5B3006BC4D5 /* setUpGitHubUITests.swift */,
				BD6959252899A5B3006BC4D5 /* setUpGitHubUITestsLaunchTests.swift */,
			);
			path = setUpGitHubUITests;
			sourceTree = "<group>";
		};
/* End PBXGroup section */

/* Begin PBXNativeTarget section */
		BD6958FE2899A5B2006BC4D5 /* setUpGitHub */ = {
			isa = PBXNativeTarget;
			buildConfigurationList = BD6959292899A5B3006BC4D5 /* Build configuration list for PBXNativeTarget "setUpGitHub" */;
			buildPhases = (
				BD6958FB2899A5B2006BC4D5 /* Sources */,
				BD6958FC2899A5B2006BC4D5 /* Frameworks */,
				BD6958FD2899A5B2006BC4D5 /* Resources */,
			);
			buildRules = (
			);
			dependencies = (
			);
			name = setUpGitHub;
			productName = setUpGitHub;
			productReference = BD6958FF2899A5B2006BC4D5 /* setUpGitHub.app */;
			productType = "com.apple.product-type.application";
		};
		BD6959142899A5B3006BC4D5 /* setUpGitHubTests */ = {
			isa = PBXNativeTarget;
			buildConfigurationList = BD69592C2899A5B3006BC4D5 /* Build configuration list for PBXNativeTarget "setUpGitHubTests" */;
			buildPhases = (
				BD6959112899A5B3006BC4D5 /* Sources */,
				BD6959122899A5B3006BC4D5 /* Frameworks */,
				BD6959132899A5B3006BC4D5 /* Resources */,
			);
			buildRules = (
			);
			dependencies = (
				BD6959172899A5B3006BC4D5 /* PBXTargetDependency */,
			);
			name = setUpGitHubTests;
			productName = setUpGitHubTests;
			productReference = BD6959152899A5B3006BC4D5 /* setUpGitHubTests.xctest */;
			productType = "com.apple.product-type.bundle.unit-test";
		};
		BD69591E2899A5B3006BC4D5 /* setUpGitHubUITests */ = {
			isa = PBXNativeTarget;
			buildConfigurationList = BD69592F2899A5B3006BC4D5 /* Build configuration list for PBXNativeTarget "setUpGitHubUITests" */;
			buildPhases = (
				BD69591B2899A5B3006BC4D5 /* Sources */,
				BD69591C2899A5B3006BC4D5 /* Frameworks */,
				BD69591D2899A5B3006BC4D5 /* Resources */,
			);
			buildRules = (
			);
			dependencies = (
				BD6959212899A5B3006BC4D5 /* PBXTargetDependency */,
			);
			name = setUpGitHubUITests;
			productName = setUpGitHubUITests;
			productReference = BD69591F2899A5B3006BC4D5 /* setUpGitHubUITests.xctest */;
			productType = "com.apple.product-type.bundle.ui-testing";
		};
/* End PBXNativeTarget section */

/* Begin PBXProject section */
		BD6958F72899A5B2006BC4D5 /* Project object */ = {
			isa = PBXProject;
			attributes = {
				BuildIndependentTargetsInParallel = 1;
				LastSwiftUpdateCheck = 1340;
				LastUpgradeCheck = 1340;
				TargetAttributes = {
					BD6958FE2899A5B2006BC4D5 = {
						CreatedOnToolsVersion = 13.4.1;
					};
					BD6959142899A5B3006BC4D5 = {
						CreatedOnToolsVersion = 13.4.1;
						TestTargetID = BD6958FE2899A5B2006BC4D5;
					};
					BD69591E2899A5B3006BC4D5 = {
						CreatedOnToolsVersion = 13.4.1;
						TestTargetID = BD6958FE2899A5B2006BC4D5;
					};
				};
			};
			buildConfigurationList = BD6958FA2899A5B2006BC4D5 /* Build configuration list for PBXProject "setUpGitHub" */;
			compatibilityVersion = "Xcode 13.0";
			developmentRegion = en;
			hasScannedForEncodings = 0;
			knownRegions = (
				en,
				Base,
			);
			mainGroup = BD6958F62899A5B2006BC4D5;
			productRefGroup = BD6959002899A5B2006BC4D5 /* Products */;
			projectDirPath = "";
			projectRoot = "";
			targets = (
				BD6958FE2899A5B2006BC4D5 /* setUpGitHub */,
				BD6959142899A5B3006BC4D5 /* setUpGitHubTests */,
				BD69591E2899A5B3006BC4D5 /* setUpGitHubUITests */,
			);
		};
/* End PBXProject section */

/* Begin PBXResourcesBuildPhase section */
		BD6958FD2899A5B2006BC4D5 /* Resources */ = {
			isa = PBXResourcesBuildPhase;
			buildActionMask = 2147483647;
			files = (
				BD69590F2899A5B3006BC4D5 /* LaunchScreen.storyboard in Resources */,
				BD69590C2899A5B3006BC4D5 /* Assets.xcassets in Resources */,
				BD69590A2899A5B2006BC4D5 /* Main.storyboard in Resources */,
			);
			runOnlyForDeploymentPostprocessing = 0;
		};
		BD6959132899A5B3006BC4D5 /* Resources */ = {
			isa = PBXResourcesBuildPhase;
			buildActionMask = 2147483647;
			files = (
			);
			runOnlyForDeploymentPostprocessing = 0;
		};
		BD69591D2899A5B3006BC4D5 /* Resources */ = {
			isa = PBXResourcesBuildPhase;
			buildActionMask = 2147483647;
			files = (
			);
			runOnlyForDeploymentPostprocessing = 0;
		};
/* End PBXResourcesBuildPhase section */

/* Begin PBXSourcesBuildPhase section */
		BD6958FB2899A5B2006BC4D5 /* Sources */ = {
			isa = PBXSourcesBuildPhase;
			buildActionMask = 2147483647;
			files = (
				BD6959072899A5B2006BC4D5 /* ViewController.swift in Sources */,
				BD6959032899A5B2006BC4D5 /* AppDelegate.swift in Sources */,
				BD6959052899A5B2006BC4D5 /* SceneDelegate.swift in Sources */,
			);
			runOnlyForDeploymentPostprocessing = 0;
		};
		BD6959112899A5B3006BC4D5 /* Sources */ = {
			isa = PBXSourcesBuildPhase;
			buildActionMask = 2147483647;
			files = (
				BD69591A2899A5B3006BC4D5 /* setUpGitHubTests.swift in Sources */,
			);
			runOnlyForDeploymentPostprocessing = 0;
		};
		BD69591B2899A5B3006BC4D5 /* Sources */ = {
			isa = PBXSourcesBuildPhase;
			buildActionMask = 2147483647;
			files = (
				BD6959242899A5B3006BC4D5 /* setUpGitHubUITests.swift in Sources */,
				BD6959262899A5B3006BC4D5 /* setUpGitHubUITestsLaunchTests.swift in Sources */,
			);
			runOnlyForDeploymentPostprocessing = 0;
		};
/* End PBXSourcesBuildPhase section */

/* Begin PBXTargetDependency section */
		BD6959172899A5B3006BC4D5 /* PBXTargetDependency */ = {
			isa = PBXTargetDependency;
			target = BD6958FE2899A5B2006BC4D5 /* setUpGitHub */;
			targetProxy = BD6959162899A5B3006BC4D5 /* PBXContainerItemProxy */;
		};
		BD6959212899A5B3006BC4D5 /* PBXTargetDependency */ = {
			isa = PBXTargetDependency;
			target = BD6958FE2899A5B2006BC4D5 /* setUpGitHub */;
			targetProxy = BD6959202899A5B3006BC4D5 /* PBXContainerItemProxy */;
		};
/* End PBXTargetDependency section */

/* Begin PBXVariantGroup section */
		BD6959082899A5B2006BC4D5 /* Main.storyboard */ = {
			isa = PBXVariantGroup;
			children = (
				BD6959092899A5B2006BC4D5 /* Base */,
			);
			name = Main.storyboard;
			sourceTree = "<group>";
		};
		BD69590D2899A5B3006BC4D5 /* LaunchScreen.storyboard */ = {
			isa = PBXVariantGroup;
			children = (
				BD69590E2899A5B3006BC4D5 /* Base */,
			);
			name = LaunchScreen.storyboard;
			sourceTree = "<group>";
		};
/* End PBXVariantGroup section */

/* Begin XCBuildConfiguration section */
		BD6959272899A5B3006BC4D5 /* Debug */ = {
			isa = XCBuildConfiguration;
			buildSettings = {
				ALWAYS_SEARCH_USER_PATHS = NO;
				CLANG_ANALYZER_NONNULL = YES;
				CLANG_ANALYZER_NUMBER_OBJECT_CONVERSION = YES_AGGRESSIVE;
				CLANG_CXX_LANGUAGE_STANDARD = "gnu++17";
				CLANG_ENABLE_MODULES = YES;
				CLANG_ENABLE_OBJC_ARC = YES;
				CLANG_ENABLE_OBJC_WEAK = YES;
				CLANG_WARN_BLOCK_CAPTURE_AUTORELEASING = YES;
				CLANG_WARN_BOOL_CONVERSION = YES;
				CLANG_WARN_COMMA = YES;
				CLANG_WARN_CONSTANT_CONVERSION = YES;
				CLANG_WARN_DEPRECATED_OBJC_IMPLEMENTATIONS = YES;
				CLANG_WARN_DIRECT_OBJC_ISA_USAGE = YES_ERROR;
				CLANG_WARN_DOCUMENTATION_COMMENTS = YES;
				CLANG_WARN_EMPTY_BODY = YES;
				CLANG_WARN_ENUM_CONVERSION = YES;
				CLANG_WARN_INFINITE_RECURSION = YES;
				CLANG_WARN_INT_CONVERSION = YES;
				CLANG_WARN_NON_LITERAL_NULL_CONVERSION = YES;
				CLANG_WARN_OBJC_IMPLICIT_RETAIN_SELF = YES;
				CLANG_WARN_OBJC_LITERAL_CONVERSION = YES;
				CLANG_WARN_OBJC_ROOT_CLASS = YES_ERROR;
				CLANG_WARN_QUOTED_INCLUDE_IN_FRAMEWORK_HEADER = YES;
				CLANG_WARN_RANGE_LOOP_ANALYSIS = YES;
				CLANG_WARN_STRICT_PROTOTYPES = YES;
				CLANG_WARN_SUSPICIOUS_MOVE = YES;
				CLANG_WARN_UNGUARDED_AVAILABILITY = YES_AGGRESSIVE;
				CLANG_WARN_UNREACHABLE_CODE = YES;
				CLANG_WARN__DUPLICATE_METHOD_MATCH = YES;
				COPY_PHASE_STRIP = NO;
				DEBUG_INFORMATION_FORMAT = dwarf;
				ENABLE_STRICT_OBJC_MSGSEND = YES;
				ENABLE_TESTABILITY = YES;
				GCC_C_LANGUAGE_STANDARD = gnu11;
				GCC_DYNAMIC_NO_PIC = NO;
				GCC_NO_COMMON_BLOCKS = YES;
				GCC_OPTIMIZATION_LEVEL = 0;
				GCC_PREPROCESSOR_DEFINITIONS = (
					"DEBUG=1",
					"$(inherited)",
				);
				GCC_WARN_64_TO_32_BIT_CONVERSION = YES;
				GCC_WARN_ABOUT_RETURN_TYPE = YES_ERROR;
				GCC_WARN_UNDECLARED_SELECTOR = YES;
				GCC_WARN_UNINITIALIZED_AUTOS = YES_AGGRESSIVE;
				GCC_WARN_UNUSED_FUNCTION = YES;
				GCC_WARN_UNUSED_VARIABLE = YES;
				IPHONEOS_DEPLOYMENT_TARGET = 15.5;
				MTL_ENABLE_DEBUG_INFO = INCLUDE_SOURCE;
				MTL_FAST_MATH = YES;
				ONLY_ACTIVE_ARCH = YES;
				SDKROOT = iphoneos;
				SWIFT_ACTIVE_COMPILATION_CONDITIONS = DEBUG;
				SWIFT_OPTIMIZATION_LEVEL = "-Onone";
			};
			name = Debug;
		};
		BD6959282899A5B3006BC4D5 /* Release */ = {
			isa = XCBuildConfiguration;
			buildSettings = {
				ALWAYS_SEARCH_USER_PATHS = NO;
				CLANG_ANALYZER_NONNULL = YES;
				CLANG_ANALYZER_NUMBER_OBJECT_CONVERSION = YES_AGGRESSIVE;
				CLANG_CXX_LANGUAGE_STANDARD = "gnu++17";
				CLANG_ENABLE_MODULES = YES;
				CLANG_ENABLE_OBJC_ARC = YES;
				CLANG_ENABLE_OBJC_WEAK = YES;
				CLANG_WARN_BLOCK_CAPTURE_AUTORELEASING = YES;
				CLANG_WARN_BOOL_CONVERSION = YES;
				CLANG_WARN_COMMA = YES;
				CLANG_WARN_CONSTANT_CONVERSION = YES;
				CLANG_WARN_DEPRECATED_OBJC_IMPLEMENTATIONS = YES;
				CLANG_WARN_DIRECT_OBJC_ISA_USAGE = YES_ERROR;
				CLANG_WARN_DOCUMENTATION_COMMENTS = YES;
				CLANG_WARN_EMPTY_BODY = YES;
				CLANG_WARN_ENUM_CONVERSION = YES;
				CLANG_WARN_INFINITE_RECURSION = YES;
				CLANG_WARN_INT_CONVERSION = YES;
				CLANG_WARN_NON_LITERAL_NULL_CONVERSION = YES;
				CLANG_WARN_OBJC_IMPLICIT_RETAIN_SELF = YES;
				CLANG_WARN_OBJC_LITERAL_CONVERSION = YES;
				CLANG_WARN_OBJC_ROOT_CLASS = YES_ERROR;
				CLANG_WARN_QUOTED_INCLUDE_IN_FRAMEWORK_HEADER = YES;
				CLANG_WARN_RANGE_LOOP_ANALYSIS = YES;
				CLANG_WARN_STRICT_PROTOTYPES = YES;
				CLANG_WARN_SUSPICIOUS_MOVE = YES;
				CLANG_WARN_UNGUARDED_AVAILABILITY = YES_AGGRESSIVE;
				CLANG_WARN_UNREACHABLE_CODE = YES;
				CLANG_WARN__DUPLICATE_METHOD_MATCH = YES;
				COPY_PHASE_STRIP = NO;
				DEBUG_INFORMATION_FORMAT = "dwarf-with-dsym";
				ENABLE_NS_ASSERTIONS = NO;
				ENABLE_STRICT_OBJC_MSGSEND = YES;
				GCC_C_LANGUAGE_STANDARD = gnu11;
				GCC_NO_COMMON_BLOCKS = YES;
				GCC_WARN_64_TO_32_BIT_CONVERSION = YES;
				GCC_WARN_ABOUT_RETURN_TYPE = YES_ERROR;
				GCC_WARN_UNDECLARED_SELECTOR = YES;
				GCC_WARN_UNINITIALIZED_AUTOS = YES_AGGRESSIVE;
				GCC_WARN_UNUSED_FUNCTION = YES;
				GCC_WARN_UNUSED_VARIABLE = YES;
				IPHONEOS_DEPLOYMENT_TARGET = 15.5;
				MTL_ENABLE_DEBUG_INFO = NO;
				MTL_FAST_MATH = YES;
				SDKROOT = iphoneos;
				SWIFT_COMPILATION_MODE = wholemodule;
				SWIFT_OPTIMIZATION_LEVEL = "-O";
				VALIDATE_PRODUCT = YES;
			};
			name = Release;
		};
		BD69592A2899A5B3006BC4D5 /* Debug */ = {
			isa = XCBuildConfiguration;
			buildSettings = {
				ASSETCATALOG_COMPILER_APPICON_NAME = AppIcon;
				ASSETCATALOG_COMPILER_GLOBAL_ACCENT_COLOR_NAME = AccentColor;
				CODE_SIGN_STYLE = Automatic;
				CURRENT_PROJECT_VERSION = 1;
				GENERATE_INFOPLIST_FILE = YES;
				INFOPLIST_FILE = setUpGitHub/Info.plist;
				INFOPLIST_KEY_UIApplicationSupportsIndirectInputEvents = YES;
				INFOPLIST_KEY_UILaunchStoryboardName = LaunchScreen;
				INFOPLIST_KEY_UIMainStoryboardFile = Main;
				INFOPLIST_KEY_UISupportedInterfaceOrientations_iPad = "UIInterfaceOrientationPortrait UIInterfaceOrientationPortraitUpsideDown UIInterfaceOrientationLandscapeLeft UIInterfaceOrientationLandscapeRight";
				INFOPLIST_KEY_UISupportedInterfaceOrientations_iPhone = "UIInterfaceOrientationPortrait UIInterfaceOrientationLandscapeLeft UIInterfaceOrientationLandscapeRight";
				LD_RUNPATH_SEARCH_PATHS = (
					"$(inherited)",
					"@executable_path/Frameworks",
				);
				MARKETING_VERSION = 1.0;
				PRODUCT_BUNDLE_IDENTIFIER = kwk.setUpGitHub;
				PRODUCT_NAME = "$(TARGET_NAME)";
				SWIFT_EMIT_LOC_STRINGS = YES;
				SWIFT_VERSION = 5.0;
				TARGETED_DEVICE_FAMILY = "1,2";
			};
			name = Debug;
		};
		BD69592B2899A5B3006BC4D5 /* Release */ = {
			isa = XCBuildConfiguration;
			buildSettings = {
				ASSETCATALOG_COMPILER_APPICON_NAME = AppIcon;
				ASSETCATALOG_COMPILER_GLOBAL_ACCENT_COLOR_NAME = AccentColor;
				CODE_SIGN_STYLE = Automatic;
				CURRENT_PROJECT_VERSION = 1;
				GENERATE_INFOPLIST_FILE = YES;
				INFOPLIST_FILE = setUpGitHub/Info.plist;
				INFOPLIST_KEY_UIApplicationSupportsIndirectInputEvents = YES;
				INFOPLIST_KEY_UILaunchStoryboardName = LaunchScreen;
				INFOPLIST_KEY_UIMainStoryboardFile = Main;
				INFOPLIST_KEY_UISupportedInterfaceOrientations_iPad = "UIInterfaceOrientationPortrait UIInterfaceOrientationPortraitUpsideDown UIInterfaceOrientationLandscapeLeft UIInterfaceOrientationLandscapeRight";
				INFOPLIST_KEY_UISupportedInterfaceOrientations_iPhone = "UIInterfaceOrientationPortrait UIInterfaceOrientationLandscapeLeft UIInterfaceOrientationLandscapeRight";
				LD_RUNPATH_SEARCH_PATHS = (
					"$(inherited)",
					"@executable_path/Frameworks",
				);
				MARKETING_VERSION = 1.0;
				PRODUCT_BUNDLE_IDENTIFIER = kwk.setUpGitHub;
				PRODUCT_NAME = "$(TARGET_NAME)";
				SWIFT_EMIT_LOC_STRINGS = YES;
				SWIFT_VERSION = 5.0;
				TARGETED_DEVICE_FAMILY = "1,2";
			};
			name = Release;
		};
		BD69592D2899A5B3006BC4D5 /* Debug */ = {
			isa = XCBuildConfiguration;
			buildSettings = {
				ALWAYS_EMBED_SWIFT_STANDARD_LIBRARIES = YES;
				BUNDLE_LOADER = "$(TEST_HOST)";
				CODE_SIGN_STYLE = Automatic;
				CURRENT_PROJECT_VERSION = 1;
				GENERATE_INFOPLIST_FILE = YES;
				IPHONEOS_DEPLOYMENT_TARGET = 15.5;
				MARKETING_VERSION = 1.0;
				PRODUCT_BUNDLE_IDENTIFIER = kwk.setUpGitHubTests;
				PRODUCT_NAME = "$(TARGET_NAME)";
				SWIFT_EMIT_LOC_STRINGS = NO;
				SWIFT_VERSION = 5.0;
				TARGETED_DEVICE_FAMILY = "1,2";
				TEST_HOST = "$(BUILT_PRODUCTS_DIR)/setUpGitHub.app/setUpGitHub";
			};
			name = Debug;
		};
		BD69592E2899A5B3006BC4D5 /* Release */ = {
			isa = XCBuildConfiguration;
			buildSettings = {
				ALWAYS_EMBED_SWIFT_STANDARD_LIBRARIES = YES;
				BUNDLE_LOADER = "$(TEST_HOST)";
				CODE_SIGN_STYLE = Automatic;
				CURRENT_PROJECT_VERSION = 1;
				GENERATE_INFOPLIST_FILE = YES;
				IPHONEOS_DEPLOYMENT_TARGET = 15.5;
				MARKETING_VERSION = 1.0;
				PRODUCT_BUNDLE_IDENTIFIER = kwk.setUpGitHubTests;
				PRODUCT_NAME = "$(TARGET_NAME)";
				SWIFT_EMIT_LOC_STRINGS = NO;
				SWIFT_VERSION = 5.0;
				TARGETED_DEVICE_FAMILY = "1,2";
				TEST_HOST = "$(BUILT_PRODUCTS_DIR)/setUpGitHub.app/setUpGitHub";
			};
			name = Release;
		};
		BD6959302899A5B3006BC4D5 /* Debug */ = {
			isa = XCBuildConfiguration;
			buildSettings = {
				ALWAYS_EMBED_SWIFT_STANDARD_LIBRARIES = YES;
				CODE_SIGN_STYLE = Automatic;
				CURRENT_PROJECT_VERSION = 1;
				GENERATE_INFOPLIST_FILE = YES;
				MARKETING_VERSION = 1.0;
				PRODUCT_BUNDLE_IDENTIFIER = kwk.setUpGitHubUITests;
				PRODUCT_NAME = "$(TARGET_NAME)";
				SWIFT_EMIT_LOC_STRINGS = NO;
				SWIFT_VERSION = 5.0;
				TARGETED_DEVICE_FAMILY = "1,2";
				TEST_TARGET_NAME = setUpGitHub;
			};
			name = Debug;
		};
		BD6959312899A5B3006BC4D5 /* Release */ = {
			isa = XCBuildConfiguration;
			buildSettings = {
				ALWAYS_EMBED_SWIFT_STANDARD_LIBRARIES = YES;
				CODE_SIGN_STYLE = Automatic;
				CURRENT_PROJECT_VERSION = 1;
				GENERATE_INFOPLIST_FILE = YES;
				MARKETING_VERSION = 1.0;
				PRODUCT_BUNDLE_IDENTIFIER = kwk.setUpGitHubUITests;
				PRODUCT_NAME = "$(TARGET_NAME)";
				SWIFT_EMIT_LOC_STRINGS = NO;
				SWIFT_VERSION = 5.0;
				TARGETED_DEVICE_FAMILY = "1,2";
				TEST_TARGET_NAME = setUpGitHub;
			};
			name = Release;
		};
/* End XCBuildConfiguration section */

/* Begin XCConfigurationList section */
		BD6958FA2899A5B2006BC4D5 /* Build configuration list for PBXProject "setUpGitHub" */ = {
			isa = XCConfigurationList;
			buildConfigurations = (
				BD6959272899A5B3006BC4D5 /* Debug */,
				BD6959282899A5B3006BC4D5 /* Release */,
			);
			defaultConfigurationIsVisible = 0;
			defaultConfigurationName = Release;
		};
		BD6959292899A5B3006BC4D5 /* Build configuration list for PBXNativeTarget "setUpGitHub" */ = {
			isa = XCConfigurationList;
			buildConfigurations = (
				BD69592A2899A5B3006BC4D5 /* Debug */,
				BD69592B2899A5B3006BC4D5 /* Release */,
			);
			defaultConfigurationIsVisible = 0;
			defaultConfigurationName = Release;
		};
		BD69592C2899A5B3006BC4D5 /* Build configuration list for PBXNativeTarget "setUpGitHubTests" */ = {
			isa = XCConfigurationList;
			buildConfigurations = (
				BD69592D2899A5B3006BC4D5 /* Debug */,
				BD69592E2899A5B3006BC4D5 /* Release */,
			);
			defaultConfigurationIsVisible = 0;
			defaultConfigurationName = Release;
		};
		BD69592F2899A5B3006BC4D5 /* Build configuration list for PBXNativeTarget "setUpGitHubUITests" */ = {
			isa = XCConfigurationList;
			buildConfigurations = (
				BD6959302899A5B3006BC4D5 /* Debug */,
				BD6959312899A5B3006BC4D5 /* Release */,
			);
			defaultConfigurationIsVisible = 0;
			defaultConfigurationName = Release;
		};
/* End XCConfigurationList section */
	};
	rootObject = BD6958F72899A5B2006BC4D5 /* Project object */;
}
